
Microsoft Visual Studio Solution File, Format Version 12.00
# Visual Studio Version 17
VisualStudioVersion = 17.8.34330.188
MinimumVisualStudioVersion = 10.0.40219.1
Project("{FAE04EC0-301F-11D3-BF4B-00C04F79EFBC}") = "loteria.Android", "loteria\loteria.Android\loteria.Android.csproj", "{E24A845D-B3A6-46A2-8F36-1F77054ACCFC}"
EndProject
Project("{FAE04EC0-301F-11D3-BF4B-00C04F79EFBC}") = "loteria", "loteria\loteria\loteria.csproj", "{BB18DDC9-294F-4606-9D4C-91B75531F004}"
EndProject
Global
	GlobalSection(SolutionConfigurationPlatforms) = preSolution
		Debug|Any CPU = Debug|Any CPU
		Release|Any CPU = Release|Any CPU
	EndGlobalSection
	GlobalSection(ProjectConfigurationPlatforms) = postSolution
		{E24A845D-B3A6-46A2-8F36-1F77054ACCFC}.Debug|Any CPU.ActiveCfg = Debug|Any CPU
		{E24A845D-B3A6-46A2-8F36-1F77054ACCFC}.Debug|Any CPU.Build.0 = Debug|Any CPU
		{E24A845D-B3A6-46A2-8F36-1F77054ACCFC}.Debug|Any CPU.Deploy.0 = Debug|Any CPU
		{E24A845D-B3A6-46A2-8F36-1F77054ACCFC}.Release|Any CPU.ActiveCfg = Release|Any CPU
		{E24A845D-B3A6-46A2-8F36-1F77054ACCFC}.Release|Any CPU.Build.0 = Release|Any CPU
		{E24A845D-B3A6-46A2-8F36-1F77054ACCFC}.Release|Any CPU.Deploy.0 = Release|Any CPU
		{BB18DDC9-294F-4606-9D4C-91B75531F004}.Debug|Any CPU.ActiveCfg = Debug|Any CPU
		{BB18DDC9-294F-4606-9D4C-91B75531F004}.Debug|Any CPU.Build.0 = Debug|Any CPU
		{BB18DDC9-294F-4606-9D4C-91B75531F004}.Debug|Any CPU.Deploy.0 = Debug|Any CPU
		{BB18DDC9-294F-4606-9D4C-91B75531F004}.Release|Any CPU.ActiveCfg = Release|Any CPU
		{BB18DDC9-294F-4606-9D4C-91B75531F004}.Release|Any CPU.Build.0 = Release|Any CPU
		{BB18DDC9-294F-4606-9D4C-91B75531F004}.Release|Any CPU.Deploy.0 = Release|Any CPU
	EndGlobalSection
	GlobalSection(SolutionProperties) = preSolution
		HideSolutionNode = FALSE
	EndGlobalSection
	GlobalSection(ExtensibilityGlobals) = postSolution
		SolutionGuid = {9BE9F002-1977-4C0D-90B9-35C5CE4E325C}
	EndGlobalSection
EndGlobal
